
Microsoft Visual Studio Solution File, Format Version 12.00
# Visual Studio Version 16
VisualStudioVersion = 16.0.31220.234
MinimumVisualStudioVersion = 10.0.40219.1
Project("{9A19103F-16F7-4668-BE54-9A1E7A4F7556}") = "BlazorWasmApp1", "BlazorWasmApp1\BlazorWasmApp1.csproj", "{3BD225B6-9F9D-4F46-8BB3-748FF3CBCE1C}"
EndProject
Project("{9A19103F-16F7-4668-BE54-9A1E7A4F7556}") = "BlazorWasmPreRendering.Build", "PrerenderServer\BlazorWasmPreRendering.Build.csproj", "{11AEF614-7677-459A-BFD5-6B4A61336644}"
EndProject
Project("{2150E333-8FDC-42A3-9474-1A3956D46DE8}") = "README", "README", "{2765C3AD-EDA3-487A-B8DC-B4FA4E6FCD18}"
	ProjectSection(SolutionItems) = preProject
		README.md = README.md
		RELEASE-NOTES.txt = RELEASE-NOTES.txt
	EndProjectSection
EndProject
Global
	GlobalSection(SolutionConfigurationPlatforms) = preSolution
		Debug|Any CPU = Debug|Any CPU
		Release|Any CPU = Release|Any CPU
	EndGlobalSection
	GlobalSection(ProjectConfigurationPlatforms) = postSolution
		{3BD225B6-9F9D-4F46-8BB3-748FF3CBCE1C}.Debug|Any CPU.ActiveCfg = Debug|Any CPU
		{3BD225B6-9F9D-4F46-8BB3-748FF3CBCE1C}.Debug|Any CPU.Build.0 = Debug|Any CPU
		{3BD225B6-9F9D-4F46-8BB3-748FF3CBCE1C}.Release|Any CPU.ActiveCfg = Release|Any CPU
		{3BD225B6-9F9D-4F46-8BB3-748FF3CBCE1C}.Release|Any CPU.Build.0 = Release|Any CPU
		{11AEF614-7677-459A-BFD5-6B4A61336644}.Debug|Any CPU.ActiveCfg = Debug|Any CPU
		{11AEF614-7677-459A-BFD5-6B4A61336644}.Debug|Any CPU.Build.0 = Debug|Any CPU
		{11AEF614-7677-459A-BFD5-6B4A61336644}.Release|Any CPU.ActiveCfg = Release|Any CPU
		{11AEF614-7677-459A-BFD5-6B4A61336644}.Release|Any CPU.Build.0 = Release|Any CPU
	EndGlobalSection
	GlobalSection(SolutionProperties) = preSolution
		HideSolutionNode = FALSE
	EndGlobalSection
	GlobalSection(ExtensibilityGlobals) = postSolution
		SolutionGuid = {4C791317-9445-491F-A918-CFF172E49260}
	EndGlobalSection
EndGlobal
