
Microsoft Visual Studio Solution File, Format Version 12.00
# Visual Studio Version 17
VisualStudioVersion = 17.0.31612.314
MinimumVisualStudioVersion = 10.0.40219.1
Project("{9A19103F-16F7-4668-BE54-9A1E7A4F7556}") = "BlazorWasmPreRendering.Build", "BlazorWasmPreRendering.Build\BlazorWasmPreRendering.Build.csproj", "{11AEF614-7677-459A-BFD5-6B4A61336644}"
EndProject
Project("{2150E333-8FDC-42A3-9474-1A3956D46DE8}") = "README", "README", "{2765C3AD-EDA3-487A-B8DC-B4FA4E6FCD18}"
	ProjectSection(SolutionItems) = preProject
		MSBUILD-PROPERTIES.md = MSBUILD-PROPERTIES.md
		README.md = README.md
		RELEASE-NOTES.txt = RELEASE-NOTES.txt
	EndProjectSection
EndProject
Project("{9A19103F-16F7-4668-BE54-9A1E7A4F7556}") = "BlazorWasmPreRendering.Build.Test", "BlazorWasmPreRendering.Build.Test\BlazorWasmPreRendering.Build.Test.csproj", "{9A8A4185-D6CE-4A28-98F4-96A092AB0787}"
EndProject
Project("{2150E333-8FDC-42A3-9474-1A3956D46DE8}") = "- Solution Items -", "- Solution Items -", "{4F876EF1-9737-453A-A69C-525CF4D22E9C}"
	ProjectSection(SolutionItems) = preProject
		.github\workflows\gh-pages.yml = .github\workflows\gh-pages.yml
	EndProjectSection
EndProject
Project("{2150E333-8FDC-42A3-9474-1A3956D46DE8}") = "SampleApps", "SampleApps", "{9D3D3493-8160-467E-BC93-A22DB08E3014}"
	ProjectSection(SolutionItems) = preProject
		SampleApps\SAMPLE-APPS-README.md = SampleApps\SAMPLE-APPS-README.md
	EndProjectSection
EndProject
Project("{9A19103F-16F7-4668-BE54-9A1E7A4F7556}") = "BlazorWasmApp0", "SampleApps\BlazorWasmApp0\BlazorWasmApp0.csproj", "{BE510F51-7EC3-4216-B89D-58A031EB6AB0}"
EndProject
Project("{2150E333-8FDC-42A3-9474-1A3956D46DE8}") = "BlazorWasmApp2", "BlazorWasmApp2", "{6FE54B1F-9FB8-447E-9D1B-A332BE714C28}"
EndProject
Project("{9A19103F-16F7-4668-BE54-9A1E7A4F7556}") = "BlazorWasmApp2.Client", "SampleApps\BlazorWasmApp2\Client\BlazorWasmApp2.Client.csproj", "{16CC4FDF-D1AD-4E0F-95A1-66308F8980B2}"
EndProject
Project("{9A19103F-16F7-4668-BE54-9A1E7A4F7556}") = "BlazorWasmApp2.Components", "SampleApps\BlazorWasmApp2\Components\BlazorWasmApp2.Components.csproj", "{784F1ECA-22E8-4460-BA21-4FAA69B74C8F}"
EndProject
Project("{9A19103F-16F7-4668-BE54-9A1E7A4F7556}") = "BlazorWasmApp1", "SampleApps\BlazorWasmApp1\BlazorWasmApp1.csproj", "{0B57EAD4-1D45-421C-B61C-4472346452FA}"
EndProject
Project("{9A19103F-16F7-4668-BE54-9A1E7A4F7556}") = "RazorClassLib1", "SampleApps\RazorClassLib1\RazorClassLib1.csproj", "{D8905783-38F9-4CDC-B3E2-575FF45513A9}"
EndProject
Project("{9A19103F-16F7-4668-BE54-9A1E7A4F7556}") = "MiddlewarePackage1", "SampleApps\MiddlewarePackage1\MiddlewarePackage1.csproj", "{7E07D77C-B75A-4ECA-9AE8-5AC06E49D63C}"
EndProject
Project("{9A19103F-16F7-4668-BE54-9A1E7A4F7556}") = "MiddlewarePackage2", "SampleApps\MiddlewarePackage2\MiddlewarePackage2.csproj", "{504C6A4E-7BC3-4732-875E-68660A6CA02C}"
EndProject
Project("{9A19103F-16F7-4668-BE54-9A1E7A4F7556}") = "BlazorWasmPreRendering.Build.WebHost", "BlazorWasmPreRendering.Build.WebHost\BlazorWasmPreRendering.Build.WebHost.csproj", "{53D86514-8E9C-4C85-9BCA-85381C61BA98}"
EndProject
Project("{2150E333-8FDC-42A3-9474-1A3956D46DE8}") = "Tests", "Tests", "{4D2914BF-0FCC-41B8-84EB-1DD50E319FE1}"
EndProject
Project("{9A19103F-16F7-4668-BE54-9A1E7A4F7556}") = "BlazorWasmPreRendering.Build.Shared", "BlazorWasmPreRendering.Build.Shared\BlazorWasmPreRendering.Build.Shared.csproj", "{E6464CB2-397F-4C69-9422-EDEE002FD5D1}"
EndProject
Global
	GlobalSection(SolutionConfigurationPlatforms) = preSolution
		Debug|Any CPU = Debug|Any CPU
		Release|Any CPU = Release|Any CPU
	EndGlobalSection
	GlobalSection(ProjectConfigurationPlatforms) = postSolution
		{11AEF614-7677-459A-BFD5-6B4A61336644}.Debug|Any CPU.ActiveCfg = Debug|Any CPU
		{11AEF614-7677-459A-BFD5-6B4A61336644}.Debug|Any CPU.Build.0 = Debug|Any CPU
		{11AEF614-7677-459A-BFD5-6B4A61336644}.Release|Any CPU.ActiveCfg = Release|Any CPU
		{11AEF614-7677-459A-BFD5-6B4A61336644}.Release|Any CPU.Build.0 = Release|Any CPU
		{9A8A4185-D6CE-4A28-98F4-96A092AB0787}.Debug|Any CPU.ActiveCfg = Debug|Any CPU
		{9A8A4185-D6CE-4A28-98F4-96A092AB0787}.Debug|Any CPU.Build.0 = Debug|Any CPU
		{9A8A4185-D6CE-4A28-98F4-96A092AB0787}.Release|Any CPU.ActiveCfg = Release|Any CPU
		{9A8A4185-D6CE-4A28-98F4-96A092AB0787}.Release|Any CPU.Build.0 = Release|Any CPU
		{BE510F51-7EC3-4216-B89D-58A031EB6AB0}.Debug|Any CPU.ActiveCfg = Debug|Any CPU
		{BE510F51-7EC3-4216-B89D-58A031EB6AB0}.Debug|Any CPU.Build.0 = Debug|Any CPU
		{BE510F51-7EC3-4216-B89D-58A031EB6AB0}.Release|Any CPU.ActiveCfg = Release|Any CPU
		{BE510F51-7EC3-4216-B89D-58A031EB6AB0}.Release|Any CPU.Build.0 = Release|Any CPU
		{16CC4FDF-D1AD-4E0F-95A1-66308F8980B2}.Debug|Any CPU.ActiveCfg = Debug|Any CPU
		{16CC4FDF-D1AD-4E0F-95A1-66308F8980B2}.Debug|Any CPU.Build.0 = Debug|Any CPU
		{16CC4FDF-D1AD-4E0F-95A1-66308F8980B2}.Release|Any CPU.ActiveCfg = Release|Any CPU
		{16CC4FDF-D1AD-4E0F-95A1-66308F8980B2}.Release|Any CPU.Build.0 = Release|Any CPU
		{784F1ECA-22E8-4460-BA21-4FAA69B74C8F}.Debug|Any CPU.ActiveCfg = Debug|Any CPU
		{784F1ECA-22E8-4460-BA21-4FAA69B74C8F}.Debug|Any CPU.Build.0 = Debug|Any CPU
		{784F1ECA-22E8-4460-BA21-4FAA69B74C8F}.Release|Any CPU.ActiveCfg = Release|Any CPU
		{784F1ECA-22E8-4460-BA21-4FAA69B74C8F}.Release|Any CPU.Build.0 = Release|Any CPU
		{0B57EAD4-1D45-421C-B61C-4472346452FA}.Debug|Any CPU.ActiveCfg = Debug|Any CPU
		{0B57EAD4-1D45-421C-B61C-4472346452FA}.Debug|Any CPU.Build.0 = Debug|Any CPU
		{0B57EAD4-1D45-421C-B61C-4472346452FA}.Release|Any CPU.ActiveCfg = Release|Any CPU
		{0B57EAD4-1D45-421C-B61C-4472346452FA}.Release|Any CPU.Build.0 = Release|Any CPU
		{D8905783-38F9-4CDC-B3E2-575FF45513A9}.Debug|Any CPU.ActiveCfg = Debug|Any CPU
		{D8905783-38F9-4CDC-B3E2-575FF45513A9}.Debug|Any CPU.Build.0 = Debug|Any CPU
		{D8905783-38F9-4CDC-B3E2-575FF45513A9}.Release|Any CPU.ActiveCfg = Release|Any CPU
		{D8905783-38F9-4CDC-B3E2-575FF45513A9}.Release|Any CPU.Build.0 = Release|Any CPU
		{7E07D77C-B75A-4ECA-9AE8-5AC06E49D63C}.Debug|Any CPU.ActiveCfg = Debug|Any CPU
		{7E07D77C-B75A-4ECA-9AE8-5AC06E49D63C}.Debug|Any CPU.Build.0 = Debug|Any CPU
		{7E07D77C-B75A-4ECA-9AE8-5AC06E49D63C}.Release|Any CPU.ActiveCfg = Release|Any CPU
		{7E07D77C-B75A-4ECA-9AE8-5AC06E49D63C}.Release|Any CPU.Build.0 = Release|Any CPU
		{504C6A4E-7BC3-4732-875E-68660A6CA02C}.Debug|Any CPU.ActiveCfg = Debug|Any CPU
		{504C6A4E-7BC3-4732-875E-68660A6CA02C}.Debug|Any CPU.Build.0 = Debug|Any CPU
		{504C6A4E-7BC3-4732-875E-68660A6CA02C}.Release|Any CPU.ActiveCfg = Release|Any CPU
		{504C6A4E-7BC3-4732-875E-68660A6CA02C}.Release|Any CPU.Build.0 = Release|Any CPU
		{53D86514-8E9C-4C85-9BCA-85381C61BA98}.Debug|Any CPU.ActiveCfg = Debug|Any CPU
		{53D86514-8E9C-4C85-9BCA-85381C61BA98}.Debug|Any CPU.Build.0 = Debug|Any CPU
		{53D86514-8E9C-4C85-9BCA-85381C61BA98}.Release|Any CPU.ActiveCfg = Release|Any CPU
		{53D86514-8E9C-4C85-9BCA-85381C61BA98}.Release|Any CPU.Build.0 = Release|Any CPU
		{E6464CB2-397F-4C69-9422-EDEE002FD5D1}.Debug|Any CPU.ActiveCfg = Debug|Any CPU
		{E6464CB2-397F-4C69-9422-EDEE002FD5D1}.Debug|Any CPU.Build.0 = Debug|Any CPU
		{E6464CB2-397F-4C69-9422-EDEE002FD5D1}.Release|Any CPU.ActiveCfg = Release|Any CPU
		{E6464CB2-397F-4C69-9422-EDEE002FD5D1}.Release|Any CPU.Build.0 = Release|Any CPU
	EndGlobalSection
	GlobalSection(SolutionProperties) = preSolution
		HideSolutionNode = FALSE
	EndGlobalSection
	GlobalSection(NestedProjects) = preSolution
		{9A8A4185-D6CE-4A28-98F4-96A092AB0787} = {4D2914BF-0FCC-41B8-84EB-1DD50E319FE1}
		{BE510F51-7EC3-4216-B89D-58A031EB6AB0} = {9D3D3493-8160-467E-BC93-A22DB08E3014}
		{6FE54B1F-9FB8-447E-9D1B-A332BE714C28} = {9D3D3493-8160-467E-BC93-A22DB08E3014}
		{16CC4FDF-D1AD-4E0F-95A1-66308F8980B2} = {6FE54B1F-9FB8-447E-9D1B-A332BE714C28}
		{784F1ECA-22E8-4460-BA21-4FAA69B74C8F} = {6FE54B1F-9FB8-447E-9D1B-A332BE714C28}
		{0B57EAD4-1D45-421C-B61C-4472346452FA} = {9D3D3493-8160-467E-BC93-A22DB08E3014}
		{D8905783-38F9-4CDC-B3E2-575FF45513A9} = {9D3D3493-8160-467E-BC93-A22DB08E3014}
		{7E07D77C-B75A-4ECA-9AE8-5AC06E49D63C} = {9D3D3493-8160-467E-BC93-A22DB08E3014}
		{504C6A4E-7BC3-4732-875E-68660A6CA02C} = {9D3D3493-8160-467E-BC93-A22DB08E3014}
	EndGlobalSection
	GlobalSection(ExtensibilityGlobals) = postSolution
		SolutionGuid = {4C791317-9445-491F-A918-CFF172E49260}
	EndGlobalSection
EndGlobal
