
Microsoft Visual Studio Solution File, Format Version 12.00
# Visual Studio Version 16
VisualStudioVersion = 16.0.30114.105
MinimumVisualStudioVersion = 10.0.40219.1
Project("{FAE04EC0-301F-11D3-BF4B-00C04F79EFBC}") = "BlazorWasmApp0", "BlazorWasmApp0.csproj", "{6DF468E2-CEE0-4FFA-B34D-CCA08D53FA1B}"
EndProject
Global
	GlobalSection(SolutionConfigurationPlatforms) = preSolution
		Debug|Any CPU = Debug|Any CPU
		Release|Any CPU = Release|Any CPU
	EndGlobalSection
	GlobalSection(SolutionProperties) = preSolution
		HideSolutionNode = FALSE
	EndGlobalSection
	GlobalSection(ProjectConfigurationPlatforms) = postSolution
		{6DF468E2-CEE0-4FFA-B34D-CCA08D53FA1B}.Debug|Any CPU.ActiveCfg = Debug|Any CPU
		{6DF468E2-CEE0-4FFA-B34D-CCA08D53FA1B}.Debug|Any CPU.Build.0 = Debug|Any CPU
		{6DF468E2-CEE0-4FFA-B34D-CCA08D53FA1B}.Release|Any CPU.ActiveCfg = Release|Any CPU
		{6DF468E2-CEE0-4FFA-B34D-CCA08D53FA1B}.Release|Any CPU.Build.0 = Release|Any CPU
	EndGlobalSection
EndGlobal
