
Microsoft Visual Studio Solution File, Format Version 12.00
# Visual Studio Version 17
VisualStudioVersion = 17.0.31903.59
MinimumVisualStudioVersion = 10.0.40219.1
Project("{FAE04EC0-301F-11D3-BF4B-00C04F79EFBC}") = "BlazorWasmApp", "BlazorWasmApp\BlazorWasmApp.csproj", "{CDC72DC7-E797-4E3F-BD72-5C126E95AB15}"
EndProject
Project("{FAE04EC0-301F-11D3-BF4B-00C04F79EFBC}") = "CounterPage", "CounterPage\CounterPage.csproj", "{9CC8ADC3-F054-49B1-8828-A936C94B1EFA}"
EndProject
Global
	GlobalSection(SolutionConfigurationPlatforms) = preSolution
		Debug|Any CPU = Debug|Any CPU
		Release|Any CPU = Release|Any CPU
	EndGlobalSection
	GlobalSection(SolutionProperties) = preSolution
		HideSolutionNode = FALSE
	EndGlobalSection
	GlobalSection(ProjectConfigurationPlatforms) = postSolution
		{CDC72DC7-E797-4E3F-BD72-5C126E95AB15}.Debug|Any CPU.ActiveCfg = Debug|Any CPU
		{CDC72DC7-E797-4E3F-BD72-5C126E95AB15}.Debug|Any CPU.Build.0 = Debug|Any CPU
		{CDC72DC7-E797-4E3F-BD72-5C126E95AB15}.Release|Any CPU.ActiveCfg = Release|Any CPU
		{CDC72DC7-E797-4E3F-BD72-5C126E95AB15}.Release|Any CPU.Build.0 = Release|Any CPU
		{9CC8ADC3-F054-49B1-8828-A936C94B1EFA}.Debug|Any CPU.ActiveCfg = Debug|Any CPU
		{9CC8ADC3-F054-49B1-8828-A936C94B1EFA}.Debug|Any CPU.Build.0 = Debug|Any CPU
		{9CC8ADC3-F054-49B1-8828-A936C94B1EFA}.Release|Any CPU.ActiveCfg = Release|Any CPU
		{9CC8ADC3-F054-49B1-8828-A936C94B1EFA}.Release|Any CPU.Build.0 = Release|Any CPU
	EndGlobalSection
EndGlobal
